
Microsoft Visual Studio Solution File, Format Version 12.00
# Visual Studio Version 16
VisualStudioVersion = 16.0.30011.22
MinimumVisualStudioVersion = 10.0.40219.1
Project("{9A19103F-16F7-4668-BE54-9A1E7A4F7556}") = "ServerApp", "ServerApp\ServerApp.csproj", "{D3608059-3C22-40C5-80B6-065B70187955}"
EndProject
Project("{E24C65DC-7377-472B-9ABA-BC803B73C61A}") = "ClientApp", "ClientApp\", "{223A21C1-5AD7-46F6-86C7-F23E0B640472}"
	ProjectSection(WebsiteProperties) = preProject
		TargetFrameworkMoniker = ".NETFramework,Version%3Dv4.0"
		Debug.AspNetCompiler.VirtualPath = "/localhost_62297"
		Debug.AspNetCompiler.PhysicalPath = "ClientApp\"
		Debug.AspNetCompiler.TargetPath = "PrecompiledWeb\localhost_62297\"
		Debug.AspNetCompiler.Updateable = "true"
		Debug.AspNetCompiler.ForceOverwrite = "true"
		Debug.AspNetCompiler.FixedNames = "false"
		Debug.AspNetCompiler.Debug = "True"
		Release.AspNetCompiler.VirtualPath = "/localhost_62297"
		Release.AspNetCompiler.PhysicalPath = "ClientApp\"
		Release.AspNetCompiler.TargetPath = "PrecompiledWeb\localhost_62297\"
		Release.AspNetCompiler.Updateable = "true"
		Release.AspNetCompiler.ForceOverwrite = "true"
		Release.AspNetCompiler.FixedNames = "false"
		Release.AspNetCompiler.Debug = "False"
		VWDPort = "62297"
		SlnRelativePath = "ClientApp\"
	EndProjectSection
EndProject
Project("{9A19103F-16F7-4668-BE54-9A1E7A4F7556}") = "ImgManager", "ImgManager\ImgManager.csproj", "{FF781117-0597-49BC-AA10-C5490630BB5B}"
EndProject
Project("{2150E333-8FDC-42A3-9474-1A3956D46DE8}") = "Tests", "Tests", "{F570E521-2E9D-48FB-9105-7E04DBBC43D4}"
EndProject
Project("{FAE04EC0-301F-11D3-BF4B-00C04F79EFBC}") = "ImageManagerTests", "Tests\ImageManagerTests\ImageManagerTests.csproj", "{E57EDA8D-E3DA-4F05-BA00-769249B2E44F}"
EndProject
Global
	GlobalSection(SolutionConfigurationPlatforms) = preSolution
		Debug|Any CPU = Debug|Any CPU
		Release|Any CPU = Release|Any CPU
	EndGlobalSection
	GlobalSection(ProjectConfigurationPlatforms) = postSolution
		{D3608059-3C22-40C5-80B6-065B70187955}.Debug|Any CPU.ActiveCfg = Debug|Any CPU
		{D3608059-3C22-40C5-80B6-065B70187955}.Debug|Any CPU.Build.0 = Debug|Any CPU
		{D3608059-3C22-40C5-80B6-065B70187955}.Release|Any CPU.ActiveCfg = Release|Any CPU
		{D3608059-3C22-40C5-80B6-065B70187955}.Release|Any CPU.Build.0 = Release|Any CPU
		{223A21C1-5AD7-46F6-86C7-F23E0B640472}.Debug|Any CPU.ActiveCfg = Debug|Any CPU
		{223A21C1-5AD7-46F6-86C7-F23E0B640472}.Debug|Any CPU.Build.0 = Debug|Any CPU
		{223A21C1-5AD7-46F6-86C7-F23E0B640472}.Release|Any CPU.ActiveCfg = Debug|Any CPU
		{223A21C1-5AD7-46F6-86C7-F23E0B640472}.Release|Any CPU.Build.0 = Debug|Any CPU
		{FF781117-0597-49BC-AA10-C5490630BB5B}.Debug|Any CPU.ActiveCfg = Debug|Any CPU
		{FF781117-0597-49BC-AA10-C5490630BB5B}.Debug|Any CPU.Build.0 = Debug|Any CPU
		{FF781117-0597-49BC-AA10-C5490630BB5B}.Release|Any CPU.ActiveCfg = Release|Any CPU
		{FF781117-0597-49BC-AA10-C5490630BB5B}.Release|Any CPU.Build.0 = Release|Any CPU
		{E57EDA8D-E3DA-4F05-BA00-769249B2E44F}.Debug|Any CPU.ActiveCfg = Debug|Any CPU
		{E57EDA8D-E3DA-4F05-BA00-769249B2E44F}.Debug|Any CPU.Build.0 = Debug|Any CPU
		{E57EDA8D-E3DA-4F05-BA00-769249B2E44F}.Release|Any CPU.ActiveCfg = Release|Any CPU
		{E57EDA8D-E3DA-4F05-BA00-769249B2E44F}.Release|Any CPU.Build.0 = Release|Any CPU
	EndGlobalSection
	GlobalSection(SolutionProperties) = preSolution
		HideSolutionNode = FALSE
	EndGlobalSection
	GlobalSection(NestedProjects) = preSolution
		{E57EDA8D-E3DA-4F05-BA00-769249B2E44F} = {F570E521-2E9D-48FB-9105-7E04DBBC43D4}
	EndGlobalSection
	GlobalSection(ExtensibilityGlobals) = postSolution
		SolutionGuid = {4E1F6782-0E76-473C-829F-5463DAC99CD9}
	EndGlobalSection
EndGlobal
